// !$*UTF8*$!
{
	archiveVersion = 1;
	classes = {
	};
	objectVersion = 51;
	objects = {

/* Begin PBXBuildFile section */
		36ECDA8BDB6C0736DDB3E339 /* Pods_QuietSpace.framework in Frameworks */ = {isa = PBXBuildFile; fileRef = C4D224C66E815AABA0986A79 /* Pods_QuietSpace.framework */; };
		C6110D0124CB5BDB00867056 /* AppDelegate.swift in Sources */ = {isa = PBXBuildFile; fileRef = C6110D0024CB5BDB00867056 /* AppDelegate.swift */; };
		C6110D0324CB5BDB00867056 /* SceneDelegate.swift in Sources */ = {isa = PBXBuildFile; fileRef = C6110D0224CB5BDB00867056 /* SceneDelegate.swift */; };
		C6110D0524CB5BDB00867056 /* ViewController.swift in Sources */ = {isa = PBXBuildFile; fileRef = C6110D0424CB5BDB00867056 /* ViewController.swift */; };
		C6110D0824CB5BDB00867056 /* Main.storyboard in Resources */ = {isa = PBXBuildFile; fileRef = C6110D0624CB5BDB00867056 /* Main.storyboard */; };
		C6110D0A24CB5BDD00867056 /* Assets.xcassets in Resources */ = {isa = PBXBuildFile; fileRef = C6110D0924CB5BDD00867056 /* Assets.xcassets */; };
		C6110D0D24CB5BDD00867056 /* LaunchScreen.storyboard in Resources */ = {isa = PBXBuildFile; fileRef = C6110D0B24CB5BDD00867056 /* LaunchScreen.storyboard */; };
		C6110D1524CB5C3E00867056 /* MainApp.storyboard in Resources */ = {isa = PBXBuildFile; fileRef = C6110D1424CB5C3E00867056 /* MainApp.storyboard */; };
		C6110D1724CB870D00867056 /* UIViewControllerExt.swift in Sources */ = {isa = PBXBuildFile; fileRef = C6110D1624CB870D00867056 /* UIViewControllerExt.swift */; };
		C6110D1A24CB89E200867056 /* MainTabBarViewController.swift in Sources */ = {isa = PBXBuildFile; fileRef = C6110D1924CB89E200867056 /* MainTabBarViewController.swift */; };
		C6110D1C24CB8C5700867056 /* GoogleService-Info.plist in Resources */ = {isa = PBXBuildFile; fileRef = C6110D1B24CB8C5700867056 /* GoogleService-Info.plist */; };
/* End PBXBuildFile section */

/* Begin PBXFileReference section */
		9BF0F9760B55F68FD5993D79 /* Pods-QuietSpace.release.xcconfig */ = {isa = PBXFileReference; includeInIndex = 1; lastKnownFileType = text.xcconfig; name = "Pods-QuietSpace.release.xcconfig"; path = "Target Support Files/Pods-QuietSpace/Pods-QuietSpace.release.xcconfig"; sourceTree = "<group>"; };
		C4D224C66E815AABA0986A79 /* Pods_QuietSpace.framework */ = {isa = PBXFileReference; explicitFileType = wrapper.framework; includeInIndex = 0; path = Pods_QuietSpace.framework; sourceTree = BUILT_PRODUCTS_DIR; };
		C6110CFD24CB5BDB00867056 /* QuietSpace.app */ = {isa = PBXFileReference; explicitFileType = wrapper.application; includeInIndex = 0; path = QuietSpace.app; sourceTree = BUILT_PRODUCTS_DIR; };
		C6110D0024CB5BDB00867056 /* AppDelegate.swift */ = {isa = PBXFileReference; lastKnownFileType = sourcecode.swift; path = AppDelegate.swift; sourceTree = "<group>"; };
		C6110D0224CB5BDB00867056 /* SceneDelegate.swift */ = {isa = PBXFileReference; lastKnownFileType = sourcecode.swift; path = SceneDelegate.swift; sourceTree = "<group>"; };
		C6110D0424CB5BDB00867056 /* ViewController.swift */ = {isa = PBXFileReference; lastKnownFileType = sourcecode.swift; path = ViewController.swift; sourceTree = "<group>"; };
		C6110D0724CB5BDB00867056 /* Base */ = {isa = PBXFileReference; lastKnownFileType = file.storyboard; name = Base; path = Base.lproj/Main.storyboard; sourceTree = "<group>"; };
		C6110D0924CB5BDD00867056 /* Assets.xcassets */ = {isa = PBXFileReference; lastKnownFileType = folder.assetcatalog; path = Assets.xcassets; sourceTree = "<group>"; };
		C6110D0C24CB5BDD00867056 /* Base */ = {isa = PBXFileReference; lastKnownFileType = file.storyboard; name = Base; path = Base.lproj/LaunchScreen.storyboard; sourceTree = "<group>"; };
		C6110D0E24CB5BDD00867056 /* Info.plist */ = {isa = PBXFileReference; lastKnownFileType = text.plist.xml; path = Info.plist; sourceTree = "<group>"; };
		C6110D1424CB5C3E00867056 /* MainApp.storyboard */ = {isa = PBXFileReference; lastKnownFileType = file.storyboard; path = MainApp.storyboard; sourceTree = "<group>"; };
		C6110D1624CB870D00867056 /* UIViewControllerExt.swift */ = {isa = PBXFileReference; lastKnownFileType = sourcecode.swift; path = UIViewControllerExt.swift; sourceTree = "<group>"; };
		C6110D1924CB89E200867056 /* MainTabBarViewController.swift */ = {isa = PBXFileReference; lastKnownFileType = sourcecode.swift; path = MainTabBarViewController.swift; sourceTree = "<group>"; };
		C6110D1B24CB8C5700867056 /* GoogleService-Info.plist */ = {isa = PBXFileReference; fileEncoding = 4; lastKnownFileType = text.plist.xml; path = "GoogleService-Info.plist"; sourceTree = "<group>"; };
		EF851F63993D32FD5AEEF33F /* Pods-QuietSpace.debug.xcconfig */ = {isa = PBXFileReference; includeInIndex = 1; lastKnownFileType = text.xcconfig; name = "Pods-QuietSpace.debug.xcconfig"; path = "Target Support Files/Pods-QuietSpace/Pods-QuietSpace.debug.xcconfig"; sourceTree = "<group>"; };
/* End PBXFileReference section */

/* Begin PBXFrameworksBuildPhase section */
		C6110CFA24CB5BDB00867056 /* Frameworks */ = {
			isa = PBXFrameworksBuildPhase;
			buildActionMask = 2147483647;
			files = (
				36ECDA8BDB6C0736DDB3E339 /* Pods_QuietSpace.framework in Frameworks */,
			);
			runOnlyForDeploymentPostprocessing = 0;
		};
/* End PBXFrameworksBuildPhase section */

/* Begin PBXGroup section */
		0B7E65E23446AD4A4387A537 /* Pods */ = {
			isa = PBXGroup;
			children = (
				EF851F63993D32FD5AEEF33F /* Pods-QuietSpace.debug.xcconfig */,
				9BF0F9760B55F68FD5993D79 /* Pods-QuietSpace.release.xcconfig */,
			);
			path = Pods;
			sourceTree = "<group>";
		};
		C6110CF424CB5BDB00867056 = {
			isa = PBXGroup;
			children = (
				C6110CFF24CB5BDB00867056 /* QuietSpace */,
				C6110CFE24CB5BDB00867056 /* Products */,
				0B7E65E23446AD4A4387A537 /* Pods */,
				F5850EF1B4D45AF17F8E52C7 /* Frameworks */,
			);
			sourceTree = "<group>";
		};
		C6110CFE24CB5BDB00867056 /* Products */ = {
			isa = PBXGroup;
			children = (
				C6110CFD24CB5BDB00867056 /* QuietSpace.app */,
			);
			name = Products;
			sourceTree = "<group>";
		};
		C6110CFF24CB5BDB00867056 /* QuietSpace */ = {
			isa = PBXGroup;
			children = (
				C6110D0024CB5BDB00867056 /* AppDelegate.swift */,
				C6110D0224CB5BDB00867056 /* SceneDelegate.swift */,
				C6110D1624CB870D00867056 /* UIViewControllerExt.swift */,
				C6110D1824CB89BB00867056 /* View Controllers */,
				C6110D0624CB5BDB00867056 /* Main.storyboard */,
				C6110D1424CB5C3E00867056 /* MainApp.storyboard */,
				C6110D0924CB5BDD00867056 /* Assets.xcassets */,
				C6110D0B24CB5BDD00867056 /* LaunchScreen.storyboard */,
				C6110D0E24CB5BDD00867056 /* Info.plist */,
				C6110D1B24CB8C5700867056 /* GoogleService-Info.plist */,
			);
			path = QuietSpace;
			sourceTree = "<group>";
		};
		C6110D1824CB89BB00867056 /* View Controllers */ = {
			isa = PBXGroup;
			children = (
				C6110D1924CB89E200867056 /* MainTabBarViewController.swift */,
				C6110D0424CB5BDB00867056 /* ViewController.swift */,
			);
			path = "View Controllers";
			sourceTree = "<group>";
		};
		F5850EF1B4D45AF17F8E52C7 /* Frameworks */ = {
			isa = PBXGroup;
			children = (
				C4D224C66E815AABA0986A79 /* Pods_QuietSpace.framework */,
			);
			name = Frameworks;
			sourceTree = "<group>";
		};
/* End PBXGroup section */

/* Begin PBXNativeTarget section */
		C6110CFC24CB5BDB00867056 /* QuietSpace */ = {
			isa = PBXNativeTarget;
			buildConfigurationList = C6110D1124CB5BDD00867056 /* Build configuration list for PBXNativeTarget "QuietSpace" */;
			buildPhases = (
				0A22DA9EF0370C99C7F2CC69 /* [CP] Check Pods Manifest.lock */,
				C6110CF924CB5BDB00867056 /* Sources */,
				C6110CFA24CB5BDB00867056 /* Frameworks */,
				C6110CFB24CB5BDB00867056 /* Resources */,
				BE7DFF9074C2B13783E49F85 /* [CP] Embed Pods Frameworks */,
			);
			buildRules = (
			);
			dependencies = (
			);
			name = QuietSpace;
			productName = QuietSpace;
			productReference = C6110CFD24CB5BDB00867056 /* QuietSpace.app */;
			productType = "com.apple.product-type.application";
		};
/* End PBXNativeTarget section */

/* Begin PBXProject section */
		C6110CF524CB5BDB00867056 /* Project object */ = {
			isa = PBXProject;
			attributes = {
				LastSwiftUpdateCheck = 1160;
				LastUpgradeCheck = 1160;
				ORGANIZATIONNAME = "casandra grullon";
				TargetAttributes = {
					C6110CFC24CB5BDB00867056 = {
						CreatedOnToolsVersion = 11.6;
					};
				};
			};
			buildConfigurationList = C6110CF824CB5BDB00867056 /* Build configuration list for PBXProject "QuietSpace" */;
			compatibilityVersion = "Xcode 9.3";
			developmentRegion = en;
			hasScannedForEncodings = 0;
			knownRegions = (
				en,
				Base,
			);
			mainGroup = C6110CF424CB5BDB00867056;
			productRefGroup = C6110CFE24CB5BDB00867056 /* Products */;
			projectDirPath = "";
			projectRoot = "";
			targets = (
				C6110CFC24CB5BDB00867056 /* QuietSpace */,
			);
		};
/* End PBXProject section */

/* Begin PBXResourcesBuildPhase section */
		C6110CFB24CB5BDB00867056 /* Resources */ = {
			isa = PBXResourcesBuildPhase;
			buildActionMask = 2147483647;
			files = (
				C6110D0D24CB5BDD00867056 /* LaunchScreen.storyboard in Resources */,
				C6110D0A24CB5BDD00867056 /* Assets.xcassets in Resources */,
				C6110D1C24CB8C5700867056 /* GoogleService-Info.plist in Resources */,
				C6110D0824CB5BDB00867056 /* Main.storyboard in Resources */,
				C6110D1524CB5C3E00867056 /* MainApp.storyboard in Resources */,
			);
			runOnlyForDeploymentPostprocessing = 0;
		};
/* End PBXResourcesBuildPhase section */

/* Begin PBXShellScriptBuildPhase section */
		0A22DA9EF0370C99C7F2CC69 /* [CP] Check Pods Manifest.lock */ = {
			isa = PBXShellScriptBuildPhase;
			buildActionMask = 2147483647;
			files = (
			);
			inputFileListPaths = (
			);
			inputPaths = (
				"${PODS_PODFILE_DIR_PATH}/Podfile.lock",
				"${PODS_ROOT}/Manifest.lock",
			);
			name = "[CP] Check Pods Manifest.lock";
			outputFileListPaths = (
			);
			outputPaths = (
				"$(DERIVED_FILE_DIR)/Pods-QuietSpace-checkManifestLockResult.txt",
			);
			runOnlyForDeploymentPostprocessing = 0;
			shellPath = /bin/sh;
			shellScript = "diff \"${PODS_PODFILE_DIR_PATH}/Podfile.lock\" \"${PODS_ROOT}/Manifest.lock\" > /dev/null\nif [ $? != 0 ] ; then\n    # print error to STDERR\n    echo \"error: The sandbox is not in sync with the Podfile.lock. Run 'pod install' or update your CocoaPods installation.\" >&2\n    exit 1\nfi\n# This output is used by Xcode 'outputs' to avoid re-running this script phase.\necho \"SUCCESS\" > \"${SCRIPT_OUTPUT_FILE_0}\"\n";
			showEnvVarsInLog = 0;
		};
		BE7DFF9074C2B13783E49F85 /* [CP] Embed Pods Frameworks */ = {
			isa = PBXShellScriptBuildPhase;
			buildActionMask = 2147483647;
			files = (
			);
			inputFileListPaths = (
				"${PODS_ROOT}/Target Support Files/Pods-QuietSpace/Pods-QuietSpace-frameworks-${CONFIGURATION}-input-files.xcfilelist",
			);
			name = "[CP] Embed Pods Frameworks";
			outputFileListPaths = (
				"${PODS_ROOT}/Target Support Files/Pods-QuietSpace/Pods-QuietSpace-frameworks-${CONFIGURATION}-output-files.xcfilelist",
			);
			runOnlyForDeploymentPostprocessing = 0;
			shellPath = /bin/sh;
			shellScript = "\"${PODS_ROOT}/Target Support Files/Pods-QuietSpace/Pods-QuietSpace-frameworks.sh\"\n";
			showEnvVarsInLog = 0;
		};
/* End PBXShellScriptBuildPhase section */

/* Begin PBXSourcesBuildPhase section */
		C6110CF924CB5BDB00867056 /* Sources */ = {
			isa = PBXSourcesBuildPhase;
			buildActionMask = 2147483647;
			files = (
				C6110D1A24CB89E200867056 /* MainTabBarViewController.swift in Sources */,
				C6110D0524CB5BDB00867056 /* ViewController.swift in Sources */,
				C6110D0124CB5BDB00867056 /* AppDelegate.swift in Sources */,
				C6110D1724CB870D00867056 /* UIViewControllerExt.swift in Sources */,
				C6110D0324CB5BDB00867056 /* SceneDelegate.swift in Sources */,
			);
			runOnlyForDeploymentPostprocessing = 0;
		};
/* End PBXSourcesBuildPhase section */

/* Begin PBXVariantGroup section */
		C6110D0624CB5BDB00867056 /* Main.storyboard */ = {
			isa = PBXVariantGroup;
			children = (
				C6110D0724CB5BDB00867056 /* Base */,
			);
			name = Main.storyboard;
			sourceTree = "<group>";
		};
		C6110D0B24CB5BDD00867056 /* LaunchScreen.storyboard */ = {
			isa = PBXVariantGroup;
			children = (
				C6110D0C24CB5BDD00867056 /* Base */,
			);
			name = LaunchScreen.storyboard;
			sourceTree = "<group>";
		};
/* End PBXVariantGroup section */

/* Begin XCBuildConfiguration section */
		C6110D0F24CB5BDD00867056 /* Debug */ = {
			isa = XCBuildConfiguration;
			buildSettings = {
				ALWAYS_SEARCH_USER_PATHS = NO;
				CLANG_ANALYZER_NONNULL = YES;
				CLANG_ANALYZER_NUMBER_OBJECT_CONVERSION = YES_AGGRESSIVE;
				CLANG_CXX_LANGUAGE_STANDARD = "gnu++14";
				CLANG_CXX_LIBRARY = "libc++";
				CLANG_ENABLE_MODULES = YES;
				CLANG_ENABLE_OBJC_ARC = YES;
				CLANG_ENABLE_OBJC_WEAK = YES;
				CLANG_WARN_BLOCK_CAPTURE_AUTORELEASING = YES;
				CLANG_WARN_BOOL_CONVERSION = YES;
				CLANG_WARN_COMMA = YES;
				CLANG_WARN_CONSTANT_CONVERSION = YES;
				CLANG_WARN_DEPRECATED_OBJC_IMPLEMENTATIONS = YES;
				CLANG_WARN_DIRECT_OBJC_ISA_USAGE = YES_ERROR;
				CLANG_WARN_DOCUMENTATION_COMMENTS = YES;
				CLANG_WARN_EMPTY_BODY = YES;
				CLANG_WARN_ENUM_CONVERSION = YES;
				CLANG_WARN_INFINITE_RECURSION = YES;
				CLANG_WARN_INT_CONVERSION = YES;
				CLANG_WARN_NON_LITERAL_NULL_CONVERSION = YES;
				CLANG_WARN_OBJC_IMPLICIT_RETAIN_SELF = YES;
				CLANG_WARN_OBJC_LITERAL_CONVERSION = YES;
				CLANG_WARN_OBJC_ROOT_CLASS = YES_ERROR;
				CLANG_WARN_RANGE_LOOP_ANALYSIS = YES;
				CLANG_WARN_STRICT_PROTOTYPES = YES;
				CLANG_WARN_SUSPICIOUS_MOVE = YES;
				CLANG_WARN_UNGUARDED_AVAILABILITY = YES_AGGRESSIVE;
				CLANG_WARN_UNREACHABLE_CODE = YES;
				CLANG_WARN__DUPLICATE_METHOD_MATCH = YES;
				COPY_PHASE_STRIP = NO;
				DEBUG_INFORMATION_FORMAT = dwarf;
				ENABLE_STRICT_OBJC_MSGSEND = YES;
				ENABLE_TESTABILITY = YES;
				GCC_C_LANGUAGE_STANDARD = gnu11;
				GCC_DYNAMIC_NO_PIC = NO;
				GCC_NO_COMMON_BLOCKS = YES;
				GCC_OPTIMIZATION_LEVEL = 0;
				GCC_PREPROCESSOR_DEFINITIONS = (
					"DEBUG=1",
					"$(inherited)",
				);
				GCC_WARN_64_TO_32_BIT_CONVERSION = YES;
				GCC_WARN_ABOUT_RETURN_TYPE = YES_ERROR;
				GCC_WARN_UNDECLARED_SELECTOR = YES;
				GCC_WARN_UNINITIALIZED_AUTOS = YES_AGGRESSIVE;
				GCC_WARN_UNUSED_FUNCTION = YES;
				GCC_WARN_UNUSED_VARIABLE = YES;
				IPHONEOS_DEPLOYMENT_TARGET = 13.6;
				MTL_ENABLE_DEBUG_INFO = INCLUDE_SOURCE;
				MTL_FAST_MATH = YES;
				ONLY_ACTIVE_ARCH = YES;
				SDKROOT = iphoneos;
				SWIFT_ACTIVE_COMPILATION_CONDITIONS = DEBUG;
				SWIFT_OPTIMIZATION_LEVEL = "-Onone";
			};
			name = Debug;
		};
		C6110D1024CB5BDD00867056 /* Release */ = {
			isa = XCBuildConfiguration;
			buildSettings = {
				ALWAYS_SEARCH_USER_PATHS = NO;
				CLANG_ANALYZER_NONNULL = YES;
				CLANG_ANALYZER_NUMBER_OBJECT_CONVERSION = YES_AGGRESSIVE;
				CLANG_CXX_LANGUAGE_STANDARD = "gnu++14";
				CLANG_CXX_LIBRARY = "libc++";
				CLANG_ENABLE_MODULES = YES;
				CLANG_ENABLE_OBJC_ARC = YES;
				CLANG_ENABLE_OBJC_WEAK = YES;
				CLANG_WARN_BLOCK_CAPTURE_AUTORELEASING = YES;
				CLANG_WARN_BOOL_CONVERSION = YES;
				CLANG_WARN_COMMA = YES;
				CLANG_WARN_CONSTANT_CONVERSION = YES;
				CLANG_WARN_DEPRECATED_OBJC_IMPLEMENTATIONS = YES;
				CLANG_WARN_DIRECT_OBJC_ISA_USAGE = YES_ERROR;
				CLANG_WARN_DOCUMENTATION_COMMENTS = YES;
				CLANG_WARN_EMPTY_BODY = YES;
				CLANG_WARN_ENUM_CONVERSION = YES;
				CLANG_WARN_INFINITE_RECURSION = YES;
				CLANG_WARN_INT_CONVERSION = YES;
				CLANG_WARN_NON_LITERAL_NULL_CONVERSION = YES;
				CLANG_WARN_OBJC_IMPLICIT_RETAIN_SELF = YES;
				CLANG_WARN_OBJC_LITERAL_CONVERSION = YES;
				CLANG_WARN_OBJC_ROOT_CLASS = YES_ERROR;
				CLANG_WARN_RANGE_LOOP_ANALYSIS = YES;
				CLANG_WARN_STRICT_PROTOTYPES = YES;
				CLANG_WARN_SUSPICIOUS_MOVE = YES;
				CLANG_WARN_UNGUARDED_AVAILABILITY = YES_AGGRESSIVE;
				CLANG_WARN_UNREACHABLE_CODE = YES;
				CLANG_WARN__DUPLICATE_METHOD_MATCH = YES;
				COPY_PHASE_STRIP = NO;
				DEBUG_INFORMATION_FORMAT = "dwarf-with-dsym";
				ENABLE_NS_ASSERTIONS = NO;
				ENABLE_STRICT_OBJC_MSGSEND = YES;
				GCC_C_LANGUAGE_STANDARD = gnu11;
				GCC_NO_COMMON_BLOCKS = YES;
				GCC_WARN_64_TO_32_BIT_CONVERSION = YES;
				GCC_WARN_ABOUT_RETURN_TYPE = YES_ERROR;
				GCC_WARN_UNDECLARED_SELECTOR = YES;
				GCC_WARN_UNINITIALIZED_AUTOS = YES_AGGRESSIVE;
				GCC_WARN_UNUSED_FUNCTION = YES;
				GCC_WARN_UNUSED_VARIABLE = YES;
				IPHONEOS_DEPLOYMENT_TARGET = 13.6;
				MTL_ENABLE_DEBUG_INFO = NO;
				MTL_FAST_MATH = YES;
				SDKROOT = iphoneos;
				SWIFT_COMPILATION_MODE = wholemodule;
				SWIFT_OPTIMIZATION_LEVEL = "-O";
				VALIDATE_PRODUCT = YES;
			};
			name = Release;
		};
		C6110D1224CB5BDD00867056 /* Debug */ = {
			isa = XCBuildConfiguration;
			baseConfigurationReference = EF851F63993D32FD5AEEF33F /* Pods-QuietSpace.debug.xcconfig */;
			buildSettings = {
				ASSETCATALOG_COMPILER_APPICON_NAME = AppIcon;
				CODE_SIGN_STYLE = Automatic;
				DEVELOPMENT_TEAM = JRUP55ZMLQ;
				INFOPLIST_FILE = QuietSpace/Info.plist;
				LD_RUNPATH_SEARCH_PATHS = (
					"$(inherited)",
					"@executable_path/Frameworks",
				);
				PRODUCT_BUNDLE_IDENTIFIER = com.casandragrullon.QuietSpace;
				PRODUCT_NAME = "$(TARGET_NAME)";
				SWIFT_VERSION = 5.0;
				TARGETED_DEVICE_FAMILY = "1,2";
			};
			name = Debug;
		};
		C6110D1324CB5BDD00867056 /* Release */ = {
			isa = XCBuildConfiguration;
			baseConfigurationReference = 9BF0F9760B55F68FD5993D79 /* Pods-QuietSpace.release.xcconfig */;
			buildSettings = {
				ASSETCATALOG_COMPILER_APPICON_NAME = AppIcon;
				CODE_SIGN_STYLE = Automatic;
				DEVELOPMENT_TEAM = JRUP55ZMLQ;
				INFOPLIST_FILE = QuietSpace/Info.plist;
				LD_RUNPATH_SEARCH_PATHS = (
					"$(inherited)",
					"@executable_path/Frameworks",
				);
				PRODUCT_BUNDLE_IDENTIFIER = com.casandragrullon.QuietSpace;
				PRODUCT_NAME = "$(TARGET_NAME)";
				SWIFT_VERSION = 5.0;
				TARGETED_DEVICE_FAMILY = "1,2";
			};
			name = Release;
		};
/* End XCBuildConfiguration section */

/* Begin XCConfigurationList section */
		C6110CF824CB5BDB00867056 /* Build configuration list for PBXProject "QuietSpace" */ = {
			isa = XCConfigurationList;
			buildConfigurations = (
				C6110D0F24CB5BDD00867056 /* Debug */,
				C6110D1024CB5BDD00867056 /* Release */,
			);
			defaultConfigurationIsVisible = 0;
			defaultConfigurationName = Release;
		};
		C6110D1124CB5BDD00867056 /* Build configuration list for PBXNativeTarget "QuietSpace" */ = {
			isa = XCConfigurationList;
			buildConfigurations = (
				C6110D1224CB5BDD00867056 /* Debug */,
				C6110D1324CB5BDD00867056 /* Release */,
			);
			defaultConfigurationIsVisible = 0;
			defaultConfigurationName = Release;
		};
/* End XCConfigurationList section */
	};
	rootObject = C6110CF524CB5BDB00867056 /* Project object */;
}
